{
    "name": "ts-showcase",
    "version": "0.0.1",
    "lockfileVersion": 2,
    "requires": true,
    "packages": {
        "": {
            "name": "ts-showcase",
            "version": "0.0.1",
            "license": "UNLICENSED",
            "dependencies": {
                "lz-string": "^1.5.0"
            },
            "devDependencies": {
                "@types/node": "^20.5.7",
                "monaco-editor": "^0.33.0",
                "typescript": "^4.7.4"
            }
        },
        "node_modules/@types/node": {
            "version": "20.5.7",
            "resolved": "https://registry.npmjs.org/@types/node/-/node-20.5.7.tgz",
            "integrity": "sha512-dP7f3LdZIysZnmvP3ANJYTSwg+wLLl8p7RqniVlV7j+oXSXAbt9h0WIBFmJy5inWZoX9wZN6eXx+YXd9Rh3RBA==",
            "dev": true
        },
        "node_modules/lz-string": {
            "version": "1.5.0",
            "resolved": "https://registry.npmjs.org/lz-string/-/lz-string-1.5.0.tgz",
            "integrity": "sha512-h5bgJWpxJNswbU7qCrV0tIKQCaS3blPDrqKWx+QxzuzL1zGUzij9XCWLrSLsJPu5t+eWA/ycetzYAO5IOMcWAQ==",
            "bin": {
                "lz-string": "bin/bin.js"
            }
        },
        "node_modules/monaco-editor": {
            "version": "0.33.0",
            "resolved": "https://registry.npmjs.org/monaco-editor/-/monaco-editor-0.33.0.tgz",
            "integrity": "sha512-VcRWPSLIUEgQJQIE0pVT8FcGBIgFoxz7jtqctE+IiCxWugD0DwgyQBcZBhdSrdMC84eumoqMZsGl2GTreOzwqw==",
            "dev": true
        },
        "node_modules/typescript": {
            "version": "4.7.4",
            "resolved": "https://registry.npmjs.org/typescript/-/typescript-4.7.4.tgz",
            "integrity": "sha512-C0WQT0gezHuw6AdY1M2jxUO83Rjf0HP7Sk1DtXj6j1EwkQNZrHAg2XPWlq62oqEhYvONq5pkC2Y9oPljWToLmQ==",
            "dev": true,
            "bin": {
                "tsc": "bin/tsc",
                "tsserver": "bin/tsserver"
            },
            "engines": {
                "node": ">=4.2.0"
            }
        }
    },
    "dependencies": {
        "@types/node": {
            "version": "20.5.7",
            "resolved": "https://registry.npmjs.org/@types/node/-/node-20.5.7.tgz",
            "integrity": "sha512-dP7f3LdZIysZnmvP3ANJYTSwg+wLLl8p7RqniVlV7j+oXSXAbt9h0WIBFmJy5inWZoX9wZN6eXx+YXd9Rh3RBA==",
            "dev": true
        },
        "lz-string": {
            "version": "1.5.0",
            "resolved": "https://registry.npmjs.org/lz-string/-/lz-string-1.5.0.tgz",
            "integrity": "sha512-h5bgJWpxJNswbU7qCrV0tIKQCaS3blPDrqKWx+QxzuzL1zGUzij9XCWLrSLsJPu5t+eWA/ycetzYAO5IOMcWAQ=="
        },
        "monaco-editor": {
            "version": "0.33.0",
            "resolved": "https://registry.npmjs.org/monaco-editor/-/monaco-editor-0.33.0.tgz",
            "integrity": "sha512-VcRWPSLIUEgQJQIE0pVT8FcGBIgFoxz7jtqctE+IiCxWugD0DwgyQBcZBhdSrdMC84eumoqMZsGl2GTreOzwqw==",
            "dev": true
        },
        "typescript": {
            "version": "4.7.4",
            "resolved": "https://registry.npmjs.org/typescript/-/typescript-4.7.4.tgz",
            "integrity": "sha512-C0WQT0gezHuw6AdY1M2jxUO83Rjf0HP7Sk1DtXj6j1EwkQNZrHAg2XPWlq62oqEhYvONq5pkC2Y9oPljWToLmQ==",
            "dev": true
        }
    }
}
